
Microsoft Visual Studio Solution File, Format Version 12.00
# Visual Studio Version 16
VisualStudioVersion = 16.0.29926.136
MinimumVisualStudioVersion = 10.0.40219.1
Project("{9A19103F-16F7-4668-BE54-9A1E7A4F7556}") = "ValvApp01", "ValvApp00\ValvApp01.csproj", "{10E7DC7C-8CAD-46F4-A9F1-705E77AA1C30}"
EndProject
Global
	GlobalSection(SolutionConfigurationPlatforms) = preSolution
		Debug|Any CPU = Debug|Any CPU
		Release|Any CPU = Release|Any CPU
	EndGlobalSection
	GlobalSection(ProjectConfigurationPlatforms) = postSolution
		{10E7DC7C-8CAD-46F4-A9F1-705E77AA1C30}.Debug|Any CPU.ActiveCfg = Debug|Any CPU
		{10E7DC7C-8CAD-46F4-A9F1-705E77AA1C30}.Debug|Any CPU.Build.0 = Debug|Any CPU
		{10E7DC7C-8CAD-46F4-A9F1-705E77AA1C30}.Release|Any CPU.ActiveCfg = Release|Any CPU
		{10E7DC7C-8CAD-46F4-A9F1-705E77AA1C30}.Release|Any CPU.Build.0 = Release|Any CPU
	EndGlobalSection
	GlobalSection(SolutionProperties) = preSolution
		HideSolutionNode = FALSE
	EndGlobalSection
	GlobalSection(ExtensibilityGlobals) = postSolution
		SolutionGuid = {57078754-FACE-4DD6-812D-164B9BF85E8F}
	EndGlobalSection
EndGlobal
